
Microsoft Visual Studio Solution File, Format Version 12.00
# Visual Studio 15
VisualStudioVersion = 15.0.28307.136
MinimumVisualStudioVersion = 10.0.40219.1
Project("{FAE04EC0-301F-11D3-BF4B-00C04F79EFBC}") = "Authentication.Server", "Authentication.Server\Authentication.Server.csproj", "{A788579E-8B28-46AF-A1BB-9EAF8A94E9F4}"
EndProject
Project("{FAE04EC0-301F-11D3-BF4B-00C04F79EFBC}") = "App1", "App1\App1.csproj", "{68CDBC4A-3664-414F-8D98-B25DA4875B10}"
EndProject
Project("{FAE04EC0-301F-11D3-BF4B-00C04F79EFBC}") = "App2", "App2\App2.csproj", "{8D35E730-B748-4337-A9BC-5A1F2C0C4902}"
EndProject
Global
	GlobalSection(SolutionConfigurationPlatforms) = preSolution
		Debug|Any CPU = Debug|Any CPU
		Release|Any CPU = Release|Any CPU
	EndGlobalSection
	GlobalSection(ProjectConfigurationPlatforms) = postSolution
		{A788579E-8B28-46AF-A1BB-9EAF8A94E9F4}.Debug|Any CPU.ActiveCfg = Debug|Any CPU
		{A788579E-8B28-46AF-A1BB-9EAF8A94E9F4}.Debug|Any CPU.Build.0 = Debug|Any CPU
		{A788579E-8B28-46AF-A1BB-9EAF8A94E9F4}.Release|Any CPU.ActiveCfg = Release|Any CPU
		{A788579E-8B28-46AF-A1BB-9EAF8A94E9F4}.Release|Any CPU.Build.0 = Release|Any CPU
		{68CDBC4A-3664-414F-8D98-B25DA4875B10}.Debug|Any CPU.ActiveCfg = Debug|Any CPU
		{68CDBC4A-3664-414F-8D98-B25DA4875B10}.Debug|Any CPU.Build.0 = Debug|Any CPU
		{68CDBC4A-3664-414F-8D98-B25DA4875B10}.Release|Any CPU.ActiveCfg = Release|Any CPU
		{68CDBC4A-3664-414F-8D98-B25DA4875B10}.Release|Any CPU.Build.0 = Release|Any CPU
		{8D35E730-B748-4337-A9BC-5A1F2C0C4902}.Debug|Any CPU.ActiveCfg = Debug|Any CPU
		{8D35E730-B748-4337-A9BC-5A1F2C0C4902}.Debug|Any CPU.Build.0 = Debug|Any CPU
		{8D35E730-B748-4337-A9BC-5A1F2C0C4902}.Release|Any CPU.ActiveCfg = Release|Any CPU
		{8D35E730-B748-4337-A9BC-5A1F2C0C4902}.Release|Any CPU.Build.0 = Release|Any CPU
	EndGlobalSection
	GlobalSection(SolutionProperties) = preSolution
		HideSolutionNode = FALSE
	EndGlobalSection
	GlobalSection(ExtensibilityGlobals) = postSolution
		SolutionGuid = {D702FCF0-09CC-4489-B900-79F404B7A1EF}
	EndGlobalSection
EndGlobal
